PODS:
  - CropViewController (2.3.8)
  - SMPhotoEditorSDK (0.1.2):
    - CropViewController (~> 2.3.7)

DEPENDENCIES:
  - SMPhotoEditorSDK (from `../`)

SPEC REPOS:
  https://github.com/cocoapods/specs.git:
    - CropViewController

EXTERNAL SOURCES:
  SMPhotoEditorSDK:
    :path: "../"

SPEC CHECKSUMS:
  CropViewController: 7be882b7d3fb3faef48a41924e80f689e9df2514
  SMPhotoEditorSDK: 4047d4fa0317d971ed58738cd29df9effab0004a

PODFILE CHECKSUM: 5ac54f6e0b88b28bc5bbd33ca67fc48cf0573fc1

COCOAPODS: 1.6.0.beta.1
